
Microsoft Visual Studio Solution File, Format Version 12.00
# Visual Studio Version 17
VisualStudioVersion = 17.4.33403.182
MinimumVisualStudioVersion = 10.0.40219.1
Project("{9A19103F-16F7-4668-BE54-9A1E7A4F7556}") = "TestGeocoding", "TestGeocoding\TestGeocoding.csproj", "{2FD78A5A-D652-4B18-A412-D7DD1710D48A}"
EndProject
Project("{FAE04EC0-301F-11D3-BF4B-00C04F79EFBC}") = "TestGeocoding.Tests", "TestGeocoding.Tests\TestGeocoding.Tests.csproj", "{828C6C21-FD2B-47BC-A472-62969392B7CD}"
EndProject
Global
	GlobalSection(SolutionConfigurationPlatforms) = preSolution
		Debug|Any CPU = Debug|Any CPU
		Release|Any CPU = Release|Any CPU
	EndGlobalSection
	GlobalSection(ProjectConfigurationPlatforms) = postSolution
		{2FD78A5A-D652-4B18-A412-D7DD1710D48A}.Debug|Any CPU.ActiveCfg = Debug|Any CPU
		{2FD78A5A-D652-4B18-A412-D7DD1710D48A}.Debug|Any CPU.Build.0 = Debug|Any CPU
		{2FD78A5A-D652-4B18-A412-D7DD1710D48A}.Release|Any CPU.ActiveCfg = Release|Any CPU
		{2FD78A5A-D652-4B18-A412-D7DD1710D48A}.Release|Any CPU.Build.0 = Release|Any CPU
		{828C6C21-FD2B-47BC-A472-62969392B7CD}.Debug|Any CPU.ActiveCfg = Debug|Any CPU
		{828C6C21-FD2B-47BC-A472-62969392B7CD}.Debug|Any CPU.Build.0 = Debug|Any CPU
		{828C6C21-FD2B-47BC-A472-62969392B7CD}.Release|Any CPU.ActiveCfg = Release|Any CPU
		{828C6C21-FD2B-47BC-A472-62969392B7CD}.Release|Any CPU.Build.0 = Release|Any CPU
	EndGlobalSection
	GlobalSection(SolutionProperties) = preSolution
		HideSolutionNode = FALSE
	EndGlobalSection
	GlobalSection(ExtensibilityGlobals) = postSolution
		SolutionGuid = {3FAA88E0-5AEB-4B85-840C-E3A2E6F9F41A}
	EndGlobalSection
EndGlobal
